
Microsoft Visual Studio Solution File, Format Version 12.00
# Visual Studio Version 17
VisualStudioVersion = 17.6.33723.286
MinimumVisualStudioVersion = 10.0.40219.1
Project("{FAE04EC0-301F-11D3-BF4B-00C04F79EFBC}") = "TCPClient", "TCPClient\TCPClient.csproj", "{C378528A-C267-417F-9C33-E74DE5E6CDEE}"
EndProject
Project("{FAE04EC0-301F-11D3-BF4B-00C04F79EFBC}") = "TCPServer", "TCPServer\TCPServer.csproj", "{4DD37BE8-0E63-4A78-AAD7-74F7639767A9}"
EndProject
Global
	GlobalSection(SolutionConfigurationPlatforms) = preSolution
		Debug|Any CPU = Debug|Any CPU
		Debug|x64 = Debug|x64
		Release|Any CPU = Release|Any CPU
		Release|x64 = Release|x64
	EndGlobalSection
	GlobalSection(ProjectConfigurationPlatforms) = postSolution
		{C378528A-C267-417F-9C33-E74DE5E6CDEE}.Debug|Any CPU.ActiveCfg = Debug|Any CPU
		{C378528A-C267-417F-9C33-E74DE5E6CDEE}.Debug|Any CPU.Build.0 = Debug|Any CPU
		{C378528A-C267-417F-9C33-E74DE5E6CDEE}.Debug|x64.ActiveCfg = Debug|x64
		{C378528A-C267-417F-9C33-E74DE5E6CDEE}.Debug|x64.Build.0 = Debug|x64
		{C378528A-C267-417F-9C33-E74DE5E6CDEE}.Release|Any CPU.ActiveCfg = Release|Any CPU
		{C378528A-C267-417F-9C33-E74DE5E6CDEE}.Release|Any CPU.Build.0 = Release|Any CPU
		{C378528A-C267-417F-9C33-E74DE5E6CDEE}.Release|x64.ActiveCfg = Release|x64
		{C378528A-C267-417F-9C33-E74DE5E6CDEE}.Release|x64.Build.0 = Release|x64
		{4DD37BE8-0E63-4A78-AAD7-74F7639767A9}.Debug|Any CPU.ActiveCfg = Debug|Any CPU
		{4DD37BE8-0E63-4A78-AAD7-74F7639767A9}.Debug|Any CPU.Build.0 = Debug|Any CPU
		{4DD37BE8-0E63-4A78-AAD7-74F7639767A9}.Debug|x64.ActiveCfg = Debug|Any CPU
		{4DD37BE8-0E63-4A78-AAD7-74F7639767A9}.Debug|x64.Build.0 = Debug|Any CPU
		{4DD37BE8-0E63-4A78-AAD7-74F7639767A9}.Release|Any CPU.ActiveCfg = Release|Any CPU
		{4DD37BE8-0E63-4A78-AAD7-74F7639767A9}.Release|Any CPU.Build.0 = Release|Any CPU
		{4DD37BE8-0E63-4A78-AAD7-74F7639767A9}.Release|x64.ActiveCfg = Release|Any CPU
		{4DD37BE8-0E63-4A78-AAD7-74F7639767A9}.Release|x64.Build.0 = Release|Any CPU
	EndGlobalSection
	GlobalSection(SolutionProperties) = preSolution
		HideSolutionNode = FALSE
	EndGlobalSection
	GlobalSection(ExtensibilityGlobals) = postSolution
		SolutionGuid = {446EA9B5-EFC6-4A7A-8087-745D8AC6C5B2}
	EndGlobalSection
EndGlobal
