
Microsoft Visual Studio Solution File, Format Version 12.00
# Visual Studio Version 17
VisualStudioVersion = 17.6.33723.286
MinimumVisualStudioVersion = 10.0.40219.1
Project("{FAE04EC0-301F-11D3-BF4B-00C04F79EFBC}") = "WinformChat_1", "WinformChat\WinformChat_1.csproj", "{228A0811-CEBB-4A84-A703-5207D2085A90}"
EndProject
Project("{9A19103F-16F7-4668-BE54-9A1E7A4F7556}") = "ServerProgram", "ServerProgram\ServerProgram.csproj", "{FFC5F37A-D852-4BC2-B129-F2DFDCF5C622}"
EndProject
Project("{FAE04EC0-301F-11D3-BF4B-00C04F79EFBC}") = "WinformChat_2", "WinformChat_2\WinformChat_2.csproj", "{74BF64DB-BB20-461D-BC97-6E9F3AE1CE00}"
EndProject
Global
	GlobalSection(SolutionConfigurationPlatforms) = preSolution
		Debug|Any CPU = Debug|Any CPU
		Debug|x64 = Debug|x64
		Release|Any CPU = Release|Any CPU
		Release|x64 = Release|x64
	EndGlobalSection
	GlobalSection(ProjectConfigurationPlatforms) = postSolution
		{228A0811-CEBB-4A84-A703-5207D2085A90}.Debug|Any CPU.ActiveCfg = Debug|Any CPU
		{228A0811-CEBB-4A84-A703-5207D2085A90}.Debug|Any CPU.Build.0 = Debug|Any CPU
		{228A0811-CEBB-4A84-A703-5207D2085A90}.Debug|x64.ActiveCfg = Debug|x64
		{228A0811-CEBB-4A84-A703-5207D2085A90}.Debug|x64.Build.0 = Debug|x64
		{228A0811-CEBB-4A84-A703-5207D2085A90}.Release|Any CPU.ActiveCfg = Release|Any CPU
		{228A0811-CEBB-4A84-A703-5207D2085A90}.Release|Any CPU.Build.0 = Release|Any CPU
		{228A0811-CEBB-4A84-A703-5207D2085A90}.Release|x64.ActiveCfg = Release|x64
		{228A0811-CEBB-4A84-A703-5207D2085A90}.Release|x64.Build.0 = Release|x64
		{FFC5F37A-D852-4BC2-B129-F2DFDCF5C622}.Debug|Any CPU.ActiveCfg = Debug|Any CPU
		{FFC5F37A-D852-4BC2-B129-F2DFDCF5C622}.Debug|Any CPU.Build.0 = Debug|Any CPU
		{FFC5F37A-D852-4BC2-B129-F2DFDCF5C622}.Debug|x64.ActiveCfg = Debug|Any CPU
		{FFC5F37A-D852-4BC2-B129-F2DFDCF5C622}.Debug|x64.Build.0 = Debug|Any CPU
		{FFC5F37A-D852-4BC2-B129-F2DFDCF5C622}.Release|Any CPU.ActiveCfg = Release|Any CPU
		{FFC5F37A-D852-4BC2-B129-F2DFDCF5C622}.Release|Any CPU.Build.0 = Release|Any CPU
		{FFC5F37A-D852-4BC2-B129-F2DFDCF5C622}.Release|x64.ActiveCfg = Release|Any CPU
		{FFC5F37A-D852-4BC2-B129-F2DFDCF5C622}.Release|x64.Build.0 = Release|Any CPU
		{74BF64DB-BB20-461D-BC97-6E9F3AE1CE00}.Debug|Any CPU.ActiveCfg = Debug|Any CPU
		{74BF64DB-BB20-461D-BC97-6E9F3AE1CE00}.Debug|Any CPU.Build.0 = Debug|Any CPU
		{74BF64DB-BB20-461D-BC97-6E9F3AE1CE00}.Debug|x64.ActiveCfg = Debug|Any CPU
		{74BF64DB-BB20-461D-BC97-6E9F3AE1CE00}.Debug|x64.Build.0 = Debug|Any CPU
		{74BF64DB-BB20-461D-BC97-6E9F3AE1CE00}.Release|Any CPU.ActiveCfg = Release|Any CPU
		{74BF64DB-BB20-461D-BC97-6E9F3AE1CE00}.Release|Any CPU.Build.0 = Release|Any CPU
		{74BF64DB-BB20-461D-BC97-6E9F3AE1CE00}.Release|x64.ActiveCfg = Release|Any CPU
		{74BF64DB-BB20-461D-BC97-6E9F3AE1CE00}.Release|x64.Build.0 = Release|Any CPU
	EndGlobalSection
	GlobalSection(SolutionProperties) = preSolution
		HideSolutionNode = FALSE
	EndGlobalSection
	GlobalSection(ExtensibilityGlobals) = postSolution
		SolutionGuid = {A46684CE-2FD1-4C4D-82C8-5679E4BAF0B6}
	EndGlobalSection
EndGlobal
